
Microsoft Visual Studio Solution File, Format Version 12.00
# Visual Studio Version 17
VisualStudioVersion = 17.14.36603.0 d17.14
MinimumVisualStudioVersion = 10.0.40219.1
Project("{FAE04EC0-301F-11D3-BF4B-00C04F79EFBC}") = "Laboratorio161", "Laboratorio161\Laboratorio161.csproj", "{32710264-9803-42F1-9983-279C04DF7B95}"
EndProject
Global
	GlobalSection(SolutionConfigurationPlatforms) = preSolution
		Debug|Any CPU = Debug|Any CPU
		Release|Any CPU = Release|Any CPU
	EndGlobalSection
	GlobalSection(ProjectConfigurationPlatforms) = postSolution
		{32710264-9803-42F1-9983-279C04DF7B95}.Debug|Any CPU.ActiveCfg = Debug|Any CPU
		{32710264-9803-42F1-9983-279C04DF7B95}.Debug|Any CPU.Build.0 = Debug|Any CPU
		{32710264-9803-42F1-9983-279C04DF7B95}.Release|Any CPU.ActiveCfg = Release|Any CPU
		{32710264-9803-42F1-9983-279C04DF7B95}.Release|Any CPU.Build.0 = Release|Any CPU
	EndGlobalSection
	GlobalSection(SolutionProperties) = preSolution
		HideSolutionNode = FALSE
	EndGlobalSection
	GlobalSection(ExtensibilityGlobals) = postSolution
		SolutionGuid = {984580FF-9681-42F1-8EA8-AC286EBFBD97}
	EndGlobalSection
EndGlobal
